
Microsoft Visual Studio Solution File, Format Version 12.00
# Visual Studio Version 17
VisualStudioVersion = 17.0.31903.59
MinimumVisualStudioVersion = 10.0.40219.1
Project("{FAE04EC0-301F-11D3-BF4B-00C04F79EFBC}") = "poznamkovy-web", "poznamkovy-web\poznamkovy-web.csproj", "{10137B25-D405-4EFE-91AE-7B7352576E6D}"
EndProject
Global
	GlobalSection(SolutionConfigurationPlatforms) = preSolution
		Debug|Any CPU = Debug|Any CPU
		Release|Any CPU = Release|Any CPU
	EndGlobalSection
	GlobalSection(ProjectConfigurationPlatforms) = postSolution
		{10137B25-D405-4EFE-91AE-7B7352576E6D}.Debug|Any CPU.ActiveCfg = Debug|Any CPU
		{10137B25-D405-4EFE-91AE-7B7352576E6D}.Debug|Any CPU.Build.0 = Debug|Any CPU
		{10137B25-D405-4EFE-91AE-7B7352576E6D}.Release|Any CPU.ActiveCfg = Release|Any CPU
		{10137B25-D405-4EFE-91AE-7B7352576E6D}.Release|Any CPU.Build.0 = Release|Any CPU
	EndGlobalSection
	GlobalSection(SolutionProperties) = preSolution
		HideSolutionNode = FALSE
	EndGlobalSection
	GlobalSection(ExtensibilityGlobals) = postSolution
		SolutionGuid = {E6D33E46-5940-45C7-80BB-A527754B8538}
	EndGlobalSection
EndGlobal
